
Microsoft Visual Studio Solution File, Format Version 12.00
# Visual Studio 15
VisualStudioVersion = 15.0.28307.438
MinimumVisualStudioVersion = 10.0.40219.1
Project("{FAE04EC0-301F-11D3-BF4B-00C04F79EFBC}") = "Kalkulator", "Kalkulator\Kalkulator.csproj", "{B66288C1-5D17-44AC-9CFA-806CB856E91B}"
EndProject
Global
	GlobalSection(SolutionConfigurationPlatforms) = preSolution
		Debug|Any CPU = Debug|Any CPU
		Release|Any CPU = Release|Any CPU
	EndGlobalSection
	GlobalSection(ProjectConfigurationPlatforms) = postSolution
		{B66288C1-5D17-44AC-9CFA-806CB856E91B}.Debug|Any CPU.ActiveCfg = Debug|Any CPU
		{B66288C1-5D17-44AC-9CFA-806CB856E91B}.Debug|Any CPU.Build.0 = Debug|Any CPU
		{B66288C1-5D17-44AC-9CFA-806CB856E91B}.Release|Any CPU.ActiveCfg = Release|Any CPU
		{B66288C1-5D17-44AC-9CFA-806CB856E91B}.Release|Any CPU.Build.0 = Release|Any CPU
	EndGlobalSection
	GlobalSection(SolutionProperties) = preSolution
		HideSolutionNode = FALSE
	EndGlobalSection
	GlobalSection(ExtensibilityGlobals) = postSolution
		SolutionGuid = {C54EE5CC-04B8-45D7-B44A-83C9AE889406}
	EndGlobalSection
EndGlobal
