
Microsoft Visual Studio Solution File, Format Version 12.00
# Visual Studio 15
VisualStudioVersion = 15.0.28307.421
MinimumVisualStudioVersion = 10.0.40219.1
Project("{FAE04EC0-301F-11D3-BF4B-00C04F79EFBC}") = "ASK4", "ASK4\ASK4.csproj", "{24FC8956-181D-4851-84D2-04F6F9530D52}"
EndProject
Global
	GlobalSection(SolutionConfigurationPlatforms) = preSolution
		Debug|Any CPU = Debug|Any CPU
		Release|Any CPU = Release|Any CPU
	EndGlobalSection
	GlobalSection(ProjectConfigurationPlatforms) = postSolution
		{24FC8956-181D-4851-84D2-04F6F9530D52}.Debug|Any CPU.ActiveCfg = Debug|Any CPU
		{24FC8956-181D-4851-84D2-04F6F9530D52}.Debug|Any CPU.Build.0 = Debug|Any CPU
		{24FC8956-181D-4851-84D2-04F6F9530D52}.Release|Any CPU.ActiveCfg = Release|Any CPU
		{24FC8956-181D-4851-84D2-04F6F9530D52}.Release|Any CPU.Build.0 = Release|Any CPU
	EndGlobalSection
	GlobalSection(SolutionProperties) = preSolution
		HideSolutionNode = FALSE
	EndGlobalSection
	GlobalSection(ExtensibilityGlobals) = postSolution
		SolutionGuid = {BBAA05FE-E370-4E6B-8A82-40E885EBAACF}
	EndGlobalSection
EndGlobal
